
Microsoft Visual Studio Solution File, Format Version 12.00
# Visual Studio Version 17
VisualStudioVersion = 17.4.33103.184
MinimumVisualStudioVersion = 10.0.40219.1
Project("{2150E333-8FDC-42A3-9474-1A3956D46DE8}") = "Core", "Core", "{CC9592F6-C639-4C1E-A089-E5A7F4B9BAEA}"
EndProject
Project("{2150E333-8FDC-42A3-9474-1A3956D46DE8}") = "Carts", "Carts", "{190C033E-DF29-4F8F-A048-7E860ADD082D}"
EndProject
Project("{2150E333-8FDC-42A3-9474-1A3956D46DE8}") = "Orders", "Orders", "{6D7E5471-77EA-4969-81AA-A12CB4A616D5}"
EndProject
Project("{2150E333-8FDC-42A3-9474-1A3956D46DE8}") = "Payments", "Payments", "{4B43A514-2B95-4D1B-8EFE-7F4FE16B991D}"
EndProject
Project("{2150E333-8FDC-42A3-9474-1A3956D46DE8}") = "Shipments", "Shipments", "{8C72B8D9-1542-4703-9530-90EABB6A6DF4}"
EndProject
Project("{9A19103F-16F7-4668-BE54-9A1E7A4F7556}") = "Carts", "Carts\Carts\Carts.csproj", "{6ED65CEC-8661-483F-A7BE-5B6EAAE7E5A2}"
EndProject
Project("{9A19103F-16F7-4668-BE54-9A1E7A4F7556}") = "Carts.Api", "Carts\Carts.Api\Carts.Api.csproj", "{AB956DE1-6927-49D3-986C-6298AD92FC04}"
EndProject
Project("{9A19103F-16F7-4668-BE54-9A1E7A4F7556}") = "Orders", "Orders\Orders\Orders.csproj", "{F1350018-4466-44FE-AA9F-D950DE4E09A1}"
EndProject
Project("{9A19103F-16F7-4668-BE54-9A1E7A4F7556}") = "Orders.Api", "Orders\Orders.Api\Orders.Api.csproj", "{13A73D98-3F30-4C30-80D0-DC189DAE612B}"
EndProject
Project("{9A19103F-16F7-4668-BE54-9A1E7A4F7556}") = "Payments", "Payments\Payments\Payments.csproj", "{06016473-7214-4482-8BBD-1930701F2969}"
EndProject
Project("{9A19103F-16F7-4668-BE54-9A1E7A4F7556}") = "Payments.Api", "Payments\Payments.Api\Payments.Api.csproj", "{93568783-333F-4C54-918A-42F34D5884A5}"
EndProject
Project("{9A19103F-16F7-4668-BE54-9A1E7A4F7556}") = "Shipments", "Shipments\Shipments\Shipments.csproj", "{0CE319F7-6CA4-4659-8CD1-AD2814CFC99A}"
EndProject
Project("{9A19103F-16F7-4668-BE54-9A1E7A4F7556}") = "Shipments.Api", "Shipments\Shipments.Api\Shipments.Api.csproj", "{5C59079B-5ED0-418D-A09E-E879B69B50ED}"
EndProject
Project("{2150E333-8FDC-42A3-9474-1A3956D46DE8}") = "docker", "docker", "{97F227F3-E49F-4741-96D8-2D4033300EB2}"
	ProjectSection(SolutionItems) = preProject
		docker\docker-compose.yml = docker\docker-compose.yml
	EndProjectSection
EndProject
Project("{2150E333-8FDC-42A3-9474-1A3956D46DE8}") = "docs", "docs", "{A98BE9E3-869A-4409-B6C7-5D275B297429}"
	ProjectSection(SolutionItems) = preProject
		README.md = README.md
	EndProjectSection
EndProject
Project("{9A19103F-16F7-4668-BE54-9A1E7A4F7556}") = "Core", "Core\Core\Core.csproj", "{AD87C641-AFF7-4257-A49C-BA3CB5C2E23F}"
EndProject
Project("{9A19103F-16F7-4668-BE54-9A1E7A4F7556}") = "Core.Kafka", "Core\Core.Kafka\Core.Kafka.csproj", "{E7F7D9C9-D039-44DF-8AA2-D71394C3D9D7}"
EndProject
Project("{9A19103F-16F7-4668-BE54-9A1E7A4F7556}") = "Core.Marten", "Core\Core.Marten\Core.Marten.csproj", "{6E5E6B8C-09C1-4780-B42E-D1510E979709}"
EndProject
Project("{9A19103F-16F7-4668-BE54-9A1E7A4F7556}") = "Core.Serialization", "Core\Core.Serialization\Core.Serialization.csproj", "{0D130108-26D7-4068-9E12-43A9317FE7A8}"
EndProject
Project("{9A19103F-16F7-4668-BE54-9A1E7A4F7556}") = "Core.WebApi", "Core\Core.WebApi\Core.WebApi.csproj", "{CAA6B1A0-FC06-411D-8121-7DDF700926C1}"
EndProject
Global
	GlobalSection(SolutionConfigurationPlatforms) = preSolution
		Debug|Any CPU = Debug|Any CPU
		Release|Any CPU = Release|Any CPU
	EndGlobalSection
	GlobalSection(ProjectConfigurationPlatforms) = postSolution
		{6ED65CEC-8661-483F-A7BE-5B6EAAE7E5A2}.Debug|Any CPU.ActiveCfg = Debug|Any CPU
		{6ED65CEC-8661-483F-A7BE-5B6EAAE7E5A2}.Debug|Any CPU.Build.0 = Debug|Any CPU
		{6ED65CEC-8661-483F-A7BE-5B6EAAE7E5A2}.Release|Any CPU.ActiveCfg = Release|Any CPU
		{6ED65CEC-8661-483F-A7BE-5B6EAAE7E5A2}.Release|Any CPU.Build.0 = Release|Any CPU
		{AB956DE1-6927-49D3-986C-6298AD92FC04}.Debug|Any CPU.ActiveCfg = Debug|Any CPU
		{AB956DE1-6927-49D3-986C-6298AD92FC04}.Debug|Any CPU.Build.0 = Debug|Any CPU
		{AB956DE1-6927-49D3-986C-6298AD92FC04}.Release|Any CPU.ActiveCfg = Release|Any CPU
		{AB956DE1-6927-49D3-986C-6298AD92FC04}.Release|Any CPU.Build.0 = Release|Any CPU
		{F1350018-4466-44FE-AA9F-D950DE4E09A1}.Debug|Any CPU.ActiveCfg = Debug|Any CPU
		{F1350018-4466-44FE-AA9F-D950DE4E09A1}.Debug|Any CPU.Build.0 = Debug|Any CPU
		{F1350018-4466-44FE-AA9F-D950DE4E09A1}.Release|Any CPU.ActiveCfg = Release|Any CPU
		{F1350018-4466-44FE-AA9F-D950DE4E09A1}.Release|Any CPU.Build.0 = Release|Any CPU
		{13A73D98-3F30-4C30-80D0-DC189DAE612B}.Debug|Any CPU.ActiveCfg = Debug|Any CPU
		{13A73D98-3F30-4C30-80D0-DC189DAE612B}.Debug|Any CPU.Build.0 = Debug|Any CPU
		{13A73D98-3F30-4C30-80D0-DC189DAE612B}.Release|Any CPU.ActiveCfg = Release|Any CPU
		{13A73D98-3F30-4C30-80D0-DC189DAE612B}.Release|Any CPU.Build.0 = Release|Any CPU
		{06016473-7214-4482-8BBD-1930701F2969}.Debug|Any CPU.ActiveCfg = Debug|Any CPU
		{06016473-7214-4482-8BBD-1930701F2969}.Debug|Any CPU.Build.0 = Debug|Any CPU
		{06016473-7214-4482-8BBD-1930701F2969}.Release|Any CPU.ActiveCfg = Release|Any CPU
		{06016473-7214-4482-8BBD-1930701F2969}.Release|Any CPU.Build.0 = Release|Any CPU
		{93568783-333F-4C54-918A-42F34D5884A5}.Debug|Any CPU.ActiveCfg = Debug|Any CPU
		{93568783-333F-4C54-918A-42F34D5884A5}.Debug|Any CPU.Build.0 = Debug|Any CPU
		{93568783-333F-4C54-918A-42F34D5884A5}.Release|Any CPU.ActiveCfg = Release|Any CPU
		{93568783-333F-4C54-918A-42F34D5884A5}.Release|Any CPU.Build.0 = Release|Any CPU
		{0CE319F7-6CA4-4659-8CD1-AD2814CFC99A}.Debug|Any CPU.ActiveCfg = Debug|Any CPU
		{0CE319F7-6CA4-4659-8CD1-AD2814CFC99A}.Debug|Any CPU.Build.0 = Debug|Any CPU
		{0CE319F7-6CA4-4659-8CD1-AD2814CFC99A}.Release|Any CPU.ActiveCfg = Release|Any CPU
		{0CE319F7-6CA4-4659-8CD1-AD2814CFC99A}.Release|Any CPU.Build.0 = Release|Any CPU
		{5C59079B-5ED0-418D-A09E-E879B69B50ED}.Debug|Any CPU.ActiveCfg = Debug|Any CPU
		{5C59079B-5ED0-418D-A09E-E879B69B50ED}.Debug|Any CPU.Build.0 = Debug|Any CPU
		{5C59079B-5ED0-418D-A09E-E879B69B50ED}.Release|Any CPU.ActiveCfg = Release|Any CPU
		{5C59079B-5ED0-418D-A09E-E879B69B50ED}.Release|Any CPU.Build.0 = Release|Any CPU
		{AD87C641-AFF7-4257-A49C-BA3CB5C2E23F}.Debug|Any CPU.ActiveCfg = Debug|Any CPU
		{AD87C641-AFF7-4257-A49C-BA3CB5C2E23F}.Debug|Any CPU.Build.0 = Debug|Any CPU
		{AD87C641-AFF7-4257-A49C-BA3CB5C2E23F}.Release|Any CPU.ActiveCfg = Release|Any CPU
		{AD87C641-AFF7-4257-A49C-BA3CB5C2E23F}.Release|Any CPU.Build.0 = Release|Any CPU
		{E7F7D9C9-D039-44DF-8AA2-D71394C3D9D7}.Debug|Any CPU.ActiveCfg = Debug|Any CPU
		{E7F7D9C9-D039-44DF-8AA2-D71394C3D9D7}.Debug|Any CPU.Build.0 = Debug|Any CPU
		{E7F7D9C9-D039-44DF-8AA2-D71394C3D9D7}.Release|Any CPU.ActiveCfg = Release|Any CPU
		{E7F7D9C9-D039-44DF-8AA2-D71394C3D9D7}.Release|Any CPU.Build.0 = Release|Any CPU
		{6E5E6B8C-09C1-4780-B42E-D1510E979709}.Debug|Any CPU.ActiveCfg = Debug|Any CPU
		{6E5E6B8C-09C1-4780-B42E-D1510E979709}.Debug|Any CPU.Build.0 = Debug|Any CPU
		{6E5E6B8C-09C1-4780-B42E-D1510E979709}.Release|Any CPU.ActiveCfg = Release|Any CPU
		{6E5E6B8C-09C1-4780-B42E-D1510E979709}.Release|Any CPU.Build.0 = Release|Any CPU
		{0D130108-26D7-4068-9E12-43A9317FE7A8}.Debug|Any CPU.ActiveCfg = Debug|Any CPU
		{0D130108-26D7-4068-9E12-43A9317FE7A8}.Debug|Any CPU.Build.0 = Debug|Any CPU
		{0D130108-26D7-4068-9E12-43A9317FE7A8}.Release|Any CPU.ActiveCfg = Release|Any CPU
		{0D130108-26D7-4068-9E12-43A9317FE7A8}.Release|Any CPU.Build.0 = Release|Any CPU
		{CAA6B1A0-FC06-411D-8121-7DDF700926C1}.Debug|Any CPU.ActiveCfg = Debug|Any CPU
		{CAA6B1A0-FC06-411D-8121-7DDF700926C1}.Debug|Any CPU.Build.0 = Debug|Any CPU
		{CAA6B1A0-FC06-411D-8121-7DDF700926C1}.Release|Any CPU.ActiveCfg = Release|Any CPU
		{CAA6B1A0-FC06-411D-8121-7DDF700926C1}.Release|Any CPU.Build.0 = Release|Any CPU
	EndGlobalSection
	GlobalSection(SolutionProperties) = preSolution
		HideSolutionNode = FALSE
	EndGlobalSection
	GlobalSection(NestedProjects) = preSolution
		{6ED65CEC-8661-483F-A7BE-5B6EAAE7E5A2} = {190C033E-DF29-4F8F-A048-7E860ADD082D}
		{AB956DE1-6927-49D3-986C-6298AD92FC04} = {190C033E-DF29-4F8F-A048-7E860ADD082D}
		{F1350018-4466-44FE-AA9F-D950DE4E09A1} = {6D7E5471-77EA-4969-81AA-A12CB4A616D5}
		{13A73D98-3F30-4C30-80D0-DC189DAE612B} = {6D7E5471-77EA-4969-81AA-A12CB4A616D5}
		{06016473-7214-4482-8BBD-1930701F2969} = {4B43A514-2B95-4D1B-8EFE-7F4FE16B991D}
		{93568783-333F-4C54-918A-42F34D5884A5} = {4B43A514-2B95-4D1B-8EFE-7F4FE16B991D}
		{0CE319F7-6CA4-4659-8CD1-AD2814CFC99A} = {8C72B8D9-1542-4703-9530-90EABB6A6DF4}
		{5C59079B-5ED0-418D-A09E-E879B69B50ED} = {8C72B8D9-1542-4703-9530-90EABB6A6DF4}
		{AD87C641-AFF7-4257-A49C-BA3CB5C2E23F} = {CC9592F6-C639-4C1E-A089-E5A7F4B9BAEA}
		{E7F7D9C9-D039-44DF-8AA2-D71394C3D9D7} = {CC9592F6-C639-4C1E-A089-E5A7F4B9BAEA}
		{6E5E6B8C-09C1-4780-B42E-D1510E979709} = {CC9592F6-C639-4C1E-A089-E5A7F4B9BAEA}
		{0D130108-26D7-4068-9E12-43A9317FE7A8} = {CC9592F6-C639-4C1E-A089-E5A7F4B9BAEA}
		{CAA6B1A0-FC06-411D-8121-7DDF700926C1} = {CC9592F6-C639-4C1E-A089-E5A7F4B9BAEA}
	EndGlobalSection
	GlobalSection(ExtensibilityGlobals) = postSolution
		SolutionGuid = {882A68A9-57D4-4B96-9955-259FC4A48A53}
	EndGlobalSection
EndGlobal
